
Microsoft Visual Studio Solution File, Format Version 12.00
# Visual Studio Version 17
VisualStudioVersion = 17.9.34616.47
MinimumVisualStudioVersion = 10.0.40219.1
Project("{FAE04EC0-301F-11D3-BF4B-00C04F79EFBC}") = "AstraAPI", "AstraAPI\AstraAPI.csproj", "{C831D2CB-7908-46A7-AC1A-5F098AE7F720}"
EndProject
Project("{00D1A9C2-B5F0-4AF3-8072-F6C62B433612}") = "Astra.DB", "Astra.DB\Astra.DB.sqlproj", "{7A5D3EBB-ABDF-4547-B731-0AD4FD10E7A3}"
EndProject
Project("{FAE04EC0-301F-11D3-BF4B-00C04F79EFBC}") = "Astra.DAL", "Astra.DAL\Astra.DAL.csproj", "{A2F5FAF6-B4C9-4046-8136-1933EE6CE46A}"
EndProject
Project("{FAE04EC0-301F-11D3-BF4B-00C04F79EFBC}") = "Astra.BLL", "Astra.BLL\Astra.BLL.csproj", "{F7DA3FA8-8B55-47FD-A7E2-BF3E2FCA8BCA}"
EndProject
Global
	GlobalSection(SolutionConfigurationPlatforms) = preSolution
		Debug|Any CPU = Debug|Any CPU
		Release|Any CPU = Release|Any CPU
	EndGlobalSection
	GlobalSection(ProjectConfigurationPlatforms) = postSolution
		{C831D2CB-7908-46A7-AC1A-5F098AE7F720}.Debug|Any CPU.ActiveCfg = Debug|Any CPU
		{C831D2CB-7908-46A7-AC1A-5F098AE7F720}.Debug|Any CPU.Build.0 = Debug|Any CPU
		{C831D2CB-7908-46A7-AC1A-5F098AE7F720}.Release|Any CPU.ActiveCfg = Release|Any CPU
		{C831D2CB-7908-46A7-AC1A-5F098AE7F720}.Release|Any CPU.Build.0 = Release|Any CPU
		{7A5D3EBB-ABDF-4547-B731-0AD4FD10E7A3}.Debug|Any CPU.ActiveCfg = Debug|Any CPU
		{7A5D3EBB-ABDF-4547-B731-0AD4FD10E7A3}.Debug|Any CPU.Build.0 = Debug|Any CPU
		{7A5D3EBB-ABDF-4547-B731-0AD4FD10E7A3}.Debug|Any CPU.Deploy.0 = Debug|Any CPU
		{7A5D3EBB-ABDF-4547-B731-0AD4FD10E7A3}.Release|Any CPU.ActiveCfg = Release|Any CPU
		{7A5D3EBB-ABDF-4547-B731-0AD4FD10E7A3}.Release|Any CPU.Build.0 = Release|Any CPU
		{7A5D3EBB-ABDF-4547-B731-0AD4FD10E7A3}.Release|Any CPU.Deploy.0 = Release|Any CPU
		{A2F5FAF6-B4C9-4046-8136-1933EE6CE46A}.Debug|Any CPU.ActiveCfg = Debug|Any CPU
		{A2F5FAF6-B4C9-4046-8136-1933EE6CE46A}.Debug|Any CPU.Build.0 = Debug|Any CPU
		{A2F5FAF6-B4C9-4046-8136-1933EE6CE46A}.Release|Any CPU.ActiveCfg = Release|Any CPU
		{A2F5FAF6-B4C9-4046-8136-1933EE6CE46A}.Release|Any CPU.Build.0 = Release|Any CPU
		{F7DA3FA8-8B55-47FD-A7E2-BF3E2FCA8BCA}.Debug|Any CPU.ActiveCfg = Debug|Any CPU
		{F7DA3FA8-8B55-47FD-A7E2-BF3E2FCA8BCA}.Debug|Any CPU.Build.0 = Debug|Any CPU
		{F7DA3FA8-8B55-47FD-A7E2-BF3E2FCA8BCA}.Release|Any CPU.ActiveCfg = Release|Any CPU
		{F7DA3FA8-8B55-47FD-A7E2-BF3E2FCA8BCA}.Release|Any CPU.Build.0 = Release|Any CPU
	EndGlobalSection
	GlobalSection(SolutionProperties) = preSolution
		HideSolutionNode = FALSE
	EndGlobalSection
	GlobalSection(ExtensibilityGlobals) = postSolution
		SolutionGuid = {F3DE70BE-17A0-453C-AF69-4468362D4935}
	EndGlobalSection
EndGlobal
